// !$*UTF8*$!
{
	archiveVersion = 1;
	classes = {
	};
	objectVersion = 46;
	objects = {

/* Begin PBXBuildFile section */
		C724D3E21DB2268F00881C42 /* CustomProductTableViewController.swift in Sources */ = {isa = PBXBuildFile; fileRef = C724D3E11DB2268F00881C42 /* CustomProductTableViewController.swift */; };
		C7837C3E1DAED81B00D63851 /* Assets.xcassets in Resources */ = {isa = PBXBuildFile; fileRef = C7837C3D1DAED81B00D63851 /* Assets.xcassets */; };
		C7837E0A1DAEEFCD00D63851 /* ProductLine.swift in Sources */ = {isa = PBXBuildFile; fileRef = C7837E091DAEEFCD00D63851 /* ProductLine.swift */; };
		C79DF33A1DB2C79B00F42B3C /* Math+Ext.swift in Sources */ = {isa = PBXBuildFile; fileRef = C79DF3391DB2C79B00F42B3C /* Math+Ext.swift */; };
		C79DF33C1DB2C7B500F42B3C /* MediaTableViewCell.swift in Sources */ = {isa = PBXBuildFile; fileRef = C79DF33B1DB2C7B500F42B3C /* MediaTableViewCell.swift */; };
		C79DF33F1DB2C7D700F42B3C /* UIImage+Ext.swift in Sources */ = {isa = PBXBuildFile; fileRef = C79DF33D1DB2C7D700F42B3C /* UIImage+Ext.swift */; };
		C79DF3401DB2C7D700F42B3C /* UIKit+Ext.swift in Sources */ = {isa = PBXBuildFile; fileRef = C79DF33E1DB2C7D700F42B3C /* UIKit+Ext.swift */; };
		C79DF3441DB2C80600F42B3C /* AppDelegate.swift in Sources */ = {isa = PBXBuildFile; fileRef = C79DF3431DB2C80600F42B3C /* AppDelegate.swift */; };
		C79DF3461DB2C81F00F42B3C /* Info.plist in Resources */ = {isa = PBXBuildFile; fileRef = C79DF3451DB2C81F00F42B3C /* Info.plist */; };
		C79DF3481DB2C83100F42B3C /* MediaType.swift in Sources */ = {isa = PBXBuildFile; fileRef = C79DF3471DB2C83100F42B3C /* MediaType.swift */; };
		C79DF34A1DB2C84E00F42B3C /* Product.swift in Sources */ = {isa = PBXBuildFile; fileRef = C79DF3491DB2C84E00F42B3C /* Product.swift */; };
		C79DF34D1DB2C88200F42B3C /* FilmsTableViewController.swift in Sources */ = {isa = PBXBuildFile; fileRef = C79DF34B1DB2C88200F42B3C /* FilmsTableViewController.swift */; };
		C79DF34E1DB2C88200F42B3C /* PageViewController.swift in Sources */ = {isa = PBXBuildFile; fileRef = C79DF34C1DB2C88200F42B3C /* PageViewController.swift */; };
		C7CE884F1DB25DDB00A6F02D /* CustomMediaDetailedViewController.swift in Sources */ = {isa = PBXBuildFile; fileRef = C7CE884E1DB25DDB00A6F02D /* CustomMediaDetailedViewController.swift */; };
		C7DB6A881DB2CA5E00BA5EA7 /* Cartfile in Resources */ = {isa = PBXBuildFile; fileRef = C7DB6A861DB2CA5E00BA5EA7 /* Cartfile */; };
		C7DB6A891DB2CA5E00BA5EA7 /* Cartfile.resolved in Resources */ = {isa = PBXBuildFile; fileRef = C7DB6A871DB2CA5E00BA5EA7 /* Cartfile.resolved */; };
		C7E227C61DAF82360078A39C /* MediaTypeTableViewController.swift in Sources */ = {isa = PBXBuildFile; fileRef = C7E227C51DAF82360078A39C /* MediaTypeTableViewController.swift */; };
		C7E227D41DAF93DE0078A39C /* ProductTableViewController.swift in Sources */ = {isa = PBXBuildFile; fileRef = C7E227D31DAF93DE0078A39C /* ProductTableViewController.swift */; };
		C7F046B91DB2CDC400705CC7 /* Main.storyboard in Resources */ = {isa = PBXBuildFile; fileRef = C7F046B81DB2CDC400705CC7 /* Main.storyboard */; };
/* End PBXBuildFile section */

/* Begin PBXContainerItemProxy section */
		C7837D4F1DAEDCD400D63851 /* PBXContainerItemProxy */ = {
			isa = PBXContainerItemProxy;
			containerPortal = C7837D381DAEDCD400D63851 /* Rx.xcodeproj */;
			proxyType = 2;
			remoteGlobalIDString = C8A56AD71AD7424700B4673B;
			remoteInfo = "RxSwift-iOS";
		};
		C7837D511DAEDCD400D63851 /* PBXContainerItemProxy */ = {
			isa = PBXContainerItemProxy;
			containerPortal = C7837D381DAEDCD400D63851 /* Rx.xcodeproj */;
			proxyType = 2;
			remoteGlobalIDString = C88BB8711B07E5ED0064D411;
			remoteInfo = "RxSwift-OSX";
		};
		C7837D531DAEDCD400D63851 /* PBXContainerItemProxy */ = {
			isa = PBXContainerItemProxy;
			containerPortal = C7837D381DAEDCD400D63851 /* Rx.xcodeproj */;
			proxyType = 2;
			remoteGlobalIDString = D2EA280C1BB9B5A200880ED3;
			remoteInfo = "RxSwift-tvOS";
		};
		C7837D551DAEDCD400D63851 /* PBXContainerItemProxy */ = {
			isa = PBXContainerItemProxy;
			containerPortal = C7837D381DAEDCD400D63851 /* Rx.xcodeproj */;
			proxyType = 2;
			remoteGlobalIDString = C8F0C0021BBBFB8B001B112F;
			remoteInfo = "RxSwift-watchOS";
		};
		C7837D571DAEDCD400D63851 /* PBXContainerItemProxy */ = {
			isa = PBXContainerItemProxy;
			containerPortal = C7837D381DAEDCD400D63851 /* Rx.xcodeproj */;
			proxyType = 2;
			remoteGlobalIDString = C809396D1B8A71760088E94D;
			remoteInfo = "RxCocoa-iOS";
		};
		C7837D591DAEDCD400D63851 /* PBXContainerItemProxy */ = {
			isa = PBXContainerItemProxy;
			containerPortal = C7837D381DAEDCD400D63851 /* Rx.xcodeproj */;
			proxyType = 2;
			remoteGlobalIDString = C80939E71B8A71840088E94D;
			remoteInfo = "RxCocoa-OSX";
		};
		C7837D5B1DAEDCD400D63851 /* PBXContainerItemProxy */ = {
			isa = PBXContainerItemProxy;
			containerPortal = C7837D381DAEDCD400D63851 /* Rx.xcodeproj */;
			proxyType = 2;
			remoteGlobalIDString = D2138C751BB9BE9800339B5C;
			remoteInfo = "RxCocoa-tvOS";
		};
		C7837D5D1DAEDCD400D63851 /* PBXContainerItemProxy */ = {
			isa = PBXContainerItemProxy;
			containerPortal = C7837D381DAEDCD400D63851 /* Rx.xcodeproj */;
			proxyType = 2;
			remoteGlobalIDString = C8F0C04B1BBBFBB9001B112F;
			remoteInfo = "RxCocoa-watchOS";
		};
		C7837D5F1DAEDCD400D63851 /* PBXContainerItemProxy */ = {
			isa = PBXContainerItemProxy;
			containerPortal = C7837D381DAEDCD400D63851 /* Rx.xcodeproj */;
			proxyType = 2;
			remoteGlobalIDString = C8093BC71B8A71F00088E94D;
			remoteInfo = "RxBlocking-iOS";
		};
		C7837D611DAEDCD400D63851 /* PBXContainerItemProxy */ = {
			isa = PBXContainerItemProxy;
			containerPortal = C7837D381DAEDCD400D63851 /* Rx.xcodeproj */;
			proxyType = 2;
			remoteGlobalIDString = C8093C451B8A71FC0088E94D;
			remoteInfo = "RxBlocking-OSX";
		};
		C7837D631DAEDCD400D63851 /* PBXContainerItemProxy */ = {
			isa = PBXContainerItemProxy;
			containerPortal = C7837D381DAEDCD400D63851 /* Rx.xcodeproj */;
			proxyType = 2;
			remoteGlobalIDString = D2EBEB811BB9B99D003A27DC;
			remoteInfo = "RxBlocking-tvOS";
		};
		C7837D651DAEDCD400D63851 /* PBXContainerItemProxy */ = {
			isa = PBXContainerItemProxy;
			containerPortal = C7837D381DAEDCD400D63851 /* Rx.xcodeproj */;
			proxyType = 2;
			remoteGlobalIDString = C8F0C0581BBBFBCE001B112F;
			remoteInfo = "RxBlocking-watchOS";
		};
		C7837D671DAEDCD400D63851 /* PBXContainerItemProxy */ = {
			isa = PBXContainerItemProxy;
			containerPortal = C7837D381DAEDCD400D63851 /* Rx.xcodeproj */;
			proxyType = 2;
			remoteGlobalIDString = C88FA50C1C25C44800CCFEA4;
			remoteInfo = "RxTests-iOS";
		};
		C7837D691DAEDCD400D63851 /* PBXContainerItemProxy */ = {
			isa = PBXContainerItemProxy;
			containerPortal = C7837D381DAEDCD400D63851 /* Rx.xcodeproj */;
			proxyType = 2;
			remoteGlobalIDString = C88FA51D1C25C4B500CCFEA4;
			remoteInfo = "RxTests-OSX";
		};
		C7837D6B1DAEDCD400D63851 /* PBXContainerItemProxy */ = {
			isa = PBXContainerItemProxy;
			containerPortal = C7837D381DAEDCD400D63851 /* Rx.xcodeproj */;
			proxyType = 2;
			remoteGlobalIDString = C88FA52E1C25C4C000CCFEA4;
			remoteInfo = "RxTests-tvOS";
		};
		C7837D6D1DAEDCD400D63851 /* PBXContainerItemProxy */ = {
			isa = PBXContainerItemProxy;
			containerPortal = C7837D381DAEDCD400D63851 /* Rx.xcodeproj */;
			proxyType = 2;
			remoteGlobalIDString = C88FA53F1C25C4CC00CCFEA4;
			remoteInfo = "RxTests-watchOS";
		};
		C7837D6F1DAEDCD400D63851 /* PBXContainerItemProxy */ = {
			isa = PBXContainerItemProxy;
			containerPortal = C7837D381DAEDCD400D63851 /* Rx.xcodeproj */;
			proxyType = 2;
			remoteGlobalIDString = C83508C31C386F6F0027C24C;
			remoteInfo = "AllTests-iOS";
		};
		C7837D711DAEDCD400D63851 /* PBXContainerItemProxy */ = {
			isa = PBXContainerItemProxy;
			containerPortal = C7837D381DAEDCD400D63851 /* Rx.xcodeproj */;
			proxyType = 2;
			remoteGlobalIDString = C83509841C38740E0027C24C;
			remoteInfo = "AllTests-tvOS";
		};
		C7837D731DAEDCD400D63851 /* PBXContainerItemProxy */ = {
			isa = PBXContainerItemProxy;
			containerPortal = C7837D381DAEDCD400D63851 /* Rx.xcodeproj */;
			proxyType = 2;
			remoteGlobalIDString = C83509941C38742C0027C24C;
			remoteInfo = "AllTests-OSX";
		};
		C7837D751DAEDCD400D63851 /* PBXContainerItemProxy */ = {
			isa = PBXContainerItemProxy;
			containerPortal = C7837D381DAEDCD400D63851 /* Rx.xcodeproj */;
			proxyType = 2;
			remoteGlobalIDString = C85BA04B1C3878740075D68E;
			remoteInfo = PerformanceTests;
		};
		C7837D7D1DAEDD1E00D63851 /* PBXContainerItemProxy */ = {
			isa = PBXContainerItemProxy;
			containerPortal = C7837D781DAEDD1E00D63851 /* EasyAnimation.xcodeproj */;
			proxyType = 2;
			remoteGlobalIDString = 403482541B8E01ED006C3C7C;
			remoteInfo = EasyAnimation;
		};
		C7837D7F1DAEDD1E00D63851 /* PBXContainerItemProxy */ = {
			isa = PBXContainerItemProxy;
			containerPortal = C7837D781DAEDD1E00D63851 /* EasyAnimation.xcodeproj */;
			proxyType = 2;
			remoteGlobalIDString = 72A03EF91C29784A002DA467;
			remoteInfo = "EasyAnimation tvOS";
		};
		C7E227DE1DAF9A010078A39C /* PBXContainerItemProxy */ = {
			isa = PBXContainerItemProxy;
			containerPortal = C7E227D51DAF9A000078A39C /* XCGLogger.xcodeproj */;
			proxyType = 2;
			remoteGlobalIDString = 55E3EE4519D76F280068C3A7;
			remoteInfo = "XCGLogger (iOS)";
		};
		C7E227E01DAF9A010078A39C /* PBXContainerItemProxy */ = {
			isa = PBXContainerItemProxy;
			containerPortal = C7E227D51DAF9A000078A39C /* XCGLogger.xcodeproj */;
			proxyType = 2;
			remoteGlobalIDString = 554DF41719D76FE7005708BE;
			remoteInfo = "XCGLogger (OS X)";
		};
		C7E227E21DAF9A010078A39C /* PBXContainerItemProxy */ = {
			isa = PBXContainerItemProxy;
			containerPortal = C7E227D51DAF9A000078A39C /* XCGLogger.xcodeproj */;
			proxyType = 2;
			remoteGlobalIDString = 70CB94201B99E728007802FF;
			remoteInfo = "XCGLogger (watchOS)";
		};
		C7E227E41DAF9A010078A39C /* PBXContainerItemProxy */ = {
			isa = PBXContainerItemProxy;
			containerPortal = C7E227D51DAF9A000078A39C /* XCGLogger.xcodeproj */;
			proxyType = 2;
			remoteGlobalIDString = 5515A3DF1BA119FA0047BA31;
			remoteInfo = "XCGLogger (tvOS)";
		};
		C7E227E61DAF9A010078A39C /* PBXContainerItemProxy */ = {
			isa = PBXContainerItemProxy;
			containerPortal = C7E227D51DAF9A000078A39C /* XCGLogger.xcodeproj */;
			proxyType = 2;
			remoteGlobalIDString = 55E3EE5019D76F280068C3A7;
			remoteInfo = "XCGLoggerTests (iOS)";
		};
		C7E227E81DAF9A010078A39C /* PBXContainerItemProxy */ = {
			isa = PBXContainerItemProxy;
			containerPortal = C7E227D51DAF9A000078A39C /* XCGLogger.xcodeproj */;
			proxyType = 2;
			remoteGlobalIDString = 55BB1F011B79DC7500709779;
			remoteInfo = "XCGLoggerTests (OS X)";
		};
/* End PBXContainerItemProxy section */

/* Begin PBXFileReference section */
		C724D3E11DB2268F00881C42 /* CustomProductTableViewController.swift */ = {isa = PBXFileReference; fileEncoding = 4; lastKnownFileType = sourcecode.swift; path = CustomProductTableViewController.swift; sourceTree = "<group>"; };
		C7837C331DAED81B00D63851 /* UITableViewApp.app */ = {isa = PBXFileReference; explicitFileType = wrapper.application; includeInIndex = 0; path = UITableViewApp.app; sourceTree = BUILT_PRODUCTS_DIR; };
		C7837C3D1DAED81B00D63851 /* Assets.xcassets */ = {isa = PBXFileReference; lastKnownFileType = folder.assetcatalog; path = Assets.xcassets; sourceTree = "<group>"; };
		C7837D381DAEDCD400D63851 /* Rx.xcodeproj */ = {isa = PBXFileReference; lastKnownFileType = "wrapper.pb-project"; name = Rx.xcodeproj; path = Carthage/Checkouts/RxSwift/Rx.xcodeproj; sourceTree = "<group>"; };
		C7837D781DAEDD1E00D63851 /* EasyAnimation.xcodeproj */ = {isa = PBXFileReference; lastKnownFileType = "wrapper.pb-project"; name = EasyAnimation.xcodeproj; path = Carthage/Checkouts/EasyAnimation/EasyAnimation.xcodeproj; sourceTree = "<group>"; };
		C7837D8E1DAEDDE500D63851 /* CoreGraphics.framework */ = {isa = PBXFileReference; lastKnownFileType = wrapper.framework; name = CoreGraphics.framework; path = System/Library/Frameworks/CoreGraphics.framework; sourceTree = SDKROOT; };
		C7837E091DAEEFCD00D63851 /* ProductLine.swift */ = {isa = PBXFileReference; fileEncoding = 4; lastKnownFileType = sourcecode.swift; path = ProductLine.swift; sourceTree = "<group>"; };
		C79DF3391DB2C79B00F42B3C /* Math+Ext.swift */ = {isa = PBXFileReference; fileEncoding = 4; lastKnownFileType = sourcecode.swift; path = "Math+Ext.swift"; sourceTree = "<group>"; };
		C79DF33B1DB2C7B500F42B3C /* MediaTableViewCell.swift */ = {isa = PBXFileReference; fileEncoding = 4; lastKnownFileType = sourcecode.swift; path = MediaTableViewCell.swift; sourceTree = "<group>"; };
		C79DF33D1DB2C7D700F42B3C /* UIImage+Ext.swift */ = {isa = PBXFileReference; fileEncoding = 4; lastKnownFileType = sourcecode.swift; path = "UIImage+Ext.swift"; sourceTree = "<group>"; };
		C79DF33E1DB2C7D700F42B3C /* UIKit+Ext.swift */ = {isa = PBXFileReference; fileEncoding = 4; lastKnownFileType = sourcecode.swift; path = "UIKit+Ext.swift"; sourceTree = "<group>"; };
		C79DF3431DB2C80600F42B3C /* AppDelegate.swift */ = {isa = PBXFileReference; fileEncoding = 4; lastKnownFileType = sourcecode.swift; path = AppDelegate.swift; sourceTree = "<group>"; };
		C79DF3451DB2C81F00F42B3C /* Info.plist */ = {isa = PBXFileReference; fileEncoding = 4; lastKnownFileType = text.plist.xml; path = Info.plist; sourceTree = "<group>"; };
		C79DF3471DB2C83100F42B3C /* MediaType.swift */ = {isa = PBXFileReference; fileEncoding = 4; lastKnownFileType = sourcecode.swift; path = MediaType.swift; sourceTree = "<group>"; };
		C79DF3491DB2C84E00F42B3C /* Product.swift */ = {isa = PBXFileReference; fileEncoding = 4; lastKnownFileType = sourcecode.swift; path = Product.swift; sourceTree = "<group>"; };
		C79DF34B1DB2C88200F42B3C /* FilmsTableViewController.swift */ = {isa = PBXFileReference; fileEncoding = 4; lastKnownFileType = sourcecode.swift; path = FilmsTableViewController.swift; sourceTree = "<group>"; };
		C79DF34C1DB2C88200F42B3C /* PageViewController.swift */ = {isa = PBXFileReference; fileEncoding = 4; lastKnownFileType = sourcecode.swift; path = PageViewController.swift; sourceTree = "<group>"; };
		C7CE884E1DB25DDB00A6F02D /* CustomMediaDetailedViewController.swift */ = {isa = PBXFileReference; fileEncoding = 4; lastKnownFileType = sourcecode.swift; path = CustomMediaDetailedViewController.swift; sourceTree = "<group>"; };
		C7DB6A861DB2CA5E00BA5EA7 /* Cartfile */ = {isa = PBXFileReference; fileEncoding = 4; lastKnownFileType = text; path = Cartfile; sourceTree = "<group>"; };
		C7DB6A871DB2CA5E00BA5EA7 /* Cartfile.resolved */ = {isa = PBXFileReference; fileEncoding = 4; lastKnownFileType = text; path = Cartfile.resolved; sourceTree = "<group>"; };
		C7E227C51DAF82360078A39C /* MediaTypeTableViewController.swift */ = {isa = PBXFileReference; fileEncoding = 4; lastKnownFileType = sourcecode.swift; path = MediaTypeTableViewController.swift; sourceTree = "<group>"; };
		C7E227D31DAF93DE0078A39C /* ProductTableViewController.swift */ = {isa = PBXFileReference; fileEncoding = 4; lastKnownFileType = sourcecode.swift; path = ProductTableViewController.swift; sourceTree = "<group>"; };
		C7E227D51DAF9A000078A39C /* XCGLogger.xcodeproj */ = {isa = PBXFileReference; lastKnownFileType = "wrapper.pb-project"; name = XCGLogger.xcodeproj; path = Carthage/Checkouts/XCGLogger/XCGLogger/Library/XCGLogger.xcodeproj; sourceTree = "<group>"; };
		C7F046B81DB2CDC400705CC7 /* Main.storyboard */ = {isa = PBXFileReference; fileEncoding = 4; lastKnownFileType = file.storyboard; path = Main.storyboard; sourceTree = "<group>"; };
/* End PBXFileReference section */

/* Begin PBXFrameworksBuildPhase section */
		C7837C301DAED81B00D63851 /* Frameworks */ = {
			isa = PBXFrameworksBuildPhase;
			buildActionMask = 2147483647;
			files = (
			);
			runOnlyForDeploymentPostprocessing = 0;
		};
/* End PBXFrameworksBuildPhase section */

/* Begin PBXGroup section */
		C721A7A51DB263F60022F474 /* Controllers */ = {
			isa = PBXGroup;
			children = (
				C79DF34C1DB2C88200F42B3C /* PageViewController.swift */,
				C79DF34B1DB2C88200F42B3C /* FilmsTableViewController.swift */,
				C7E227D31DAF93DE0078A39C /* ProductTableViewController.swift */,
				C7E227C51DAF82360078A39C /* MediaTypeTableViewController.swift */,
				C724D3E11DB2268F00881C42 /* CustomProductTableViewController.swift */,
				C7CE884E1DB25DDB00A6F02D /* CustomMediaDetailedViewController.swift */,
			);
			name = Controllers;
			sourceTree = "<group>";
		};
		C7837C2A1DAED81B00D63851 = {
			isa = PBXGroup;
			children = (
				C7837C951DAED85D00D63851 /* Config */,
				C7837D771DAEDCED00D63851 /* Dependencies */,
				C7837C351DAED81B00D63851 /* UITableViewApp */,
				C7837C341DAED81B00D63851 /* Products */,
			);
			sourceTree = "<group>";
		};
		C7837C341DAED81B00D63851 /* Products */ = {
			isa = PBXGroup;
			children = (
				C7837C331DAED81B00D63851 /* UITableViewApp.app */,
			);
			name = Products;
			sourceTree = "<group>";
		};
		C7837C351DAED81B00D63851 /* UITableViewApp */ = {
			isa = PBXGroup;
			children = (
				C7837D941DAEDEA700D63851 /* Extensions */,
				C721A7A51DB263F60022F474 /* Controllers */,
				C7837E061DAEEABD00D63851 /* Model */,
				C79DF3431DB2C80600F42B3C /* AppDelegate.swift */,
				C7F046B81DB2CDC400705CC7 /* Main.storyboard */,
				C7837C3D1DAED81B00D63851 /* Assets.xcassets */,
				C79DF3451DB2C81F00F42B3C /* Info.plist */,
			);
			path = UITableViewApp;
			sourceTree = "<group>";
		};
		C7837C951DAED85D00D63851 /* Config */ = {
			isa = PBXGroup;
			children = (
				C7DB6A861DB2CA5E00BA5EA7 /* Cartfile */,
				C7DB6A871DB2CA5E00BA5EA7 /* Cartfile.resolved */,
			);
			name = Config;
			sourceTree = "<group>";
		};
		C7837D391DAEDCD400D63851 /* Products */ = {
			isa = PBXGroup;
			children = (
				C7837D501DAEDCD400D63851 /* RxSwift.framework */,
				C7837D521DAEDCD400D63851 /* RxSwift.framework */,
				C7837D541DAEDCD400D63851 /* RxSwift.framework */,
				C7837D561DAEDCD400D63851 /* RxSwift.framework */,
				C7837D581DAEDCD400D63851 /* RxCocoa.framework */,
				C7837D5A1DAEDCD400D63851 /* RxCocoa.framework */,
				C7837D5C1DAEDCD400D63851 /* RxCocoa.framework */,
				C7837D5E1DAEDCD400D63851 /* RxCocoa.framework */,
				C7837D601DAEDCD400D63851 /* RxBlocking.framework */,
				C7837D621DAEDCD400D63851 /* RxBlocking.framework */,
				C7837D641DAEDCD400D63851 /* RxBlocking.framework */,
				C7837D661DAEDCD400D63851 /* RxBlocking.framework */,
				C7837D681DAEDCD400D63851 /* RxTests.framework */,
				C7837D6A1DAEDCD400D63851 /* RxTests.framework */,
				C7837D6C1DAEDCD400D63851 /* RxTests.framework */,
				C7837D6E1DAEDCD400D63851 /* RxTests.framework */,
				C7837D701DAEDCD400D63851 /* AllTests-iOS.xctest */,
				C7837D721DAEDCD400D63851 /* AllTests-tvOS.xctest */,
				C7837D741DAEDCD400D63851 /* AllTests-OSX.xctest */,
				C7837D761DAEDCD400D63851 /* PerformanceTests.app */,
			);
			name = Products;
			sourceTree = "<group>";
		};
		C7837D771DAEDCED00D63851 /* Dependencies */ = {
			isa = PBXGroup;
			children = (
				C7E227D51DAF9A000078A39C /* XCGLogger.xcodeproj */,
				C7837D8E1DAEDDE500D63851 /* CoreGraphics.framework */,
				C7837D781DAEDD1E00D63851 /* EasyAnimation.xcodeproj */,
				C7837D381DAEDCD400D63851 /* Rx.xcodeproj */,
			);
			name = Dependencies;
			sourceTree = "<group>";
		};
		C7837D791DAEDD1E00D63851 /* Products */ = {
			isa = PBXGroup;
			children = (
				C7837D7E1DAEDD1E00D63851 /* EasyAnimation.framework */,
				C7837D801DAEDD1E00D63851 /* EasyAnimation.framework */,
			);
			name = Products;
			sourceTree = "<group>";
		};
		C7837D941DAEDEA700D63851 /* Extensions */ = {
			isa = PBXGroup;
			children = (
				C79DF3391DB2C79B00F42B3C /* Math+Ext.swift */,
				C79DF33D1DB2C7D700F42B3C /* UIImage+Ext.swift */,
				C79DF33E1DB2C7D700F42B3C /* UIKit+Ext.swift */,
			);
			name = Extensions;
			sourceTree = "<group>";
		};
		C7837E061DAEEABD00D63851 /* Model */ = {
			isa = PBXGroup;
			children = (
				C79DF3491DB2C84E00F42B3C /* Product.swift */,
				C7837E091DAEEFCD00D63851 /* ProductLine.swift */,
				C79DF3471DB2C83100F42B3C /* MediaType.swift */,
				C79DF33B1DB2C7B500F42B3C /* MediaTableViewCell.swift */,
			);
			name = Model;
			sourceTree = "<group>";
		};
		C7E227D61DAF9A000078A39C /* Products */ = {
			isa = PBXGroup;
			children = (
				C7E227DF1DAF9A010078A39C /* XCGLogger.framework */,
				C7E227E11DAF9A010078A39C /* XCGLogger.framework */,
				C7E227E31DAF9A010078A39C /* XCGLogger.framework */,
				C7E227E51DAF9A010078A39C /* XCGLogger.framework */,
				C7E227E71DAF9A010078A39C /* XCGLoggerTests (iOS).xctest */,
				C7E227E91DAF9A010078A39C /* XCGLoggerTests (OS X).xctest */,
			);
			name = Products;
			sourceTree = "<group>";
		};
/* End PBXGroup section */

/* Begin PBXNativeTarget section */
		C7837C321DAED81B00D63851 /* UITableViewApp */ = {
			isa = PBXNativeTarget;
			buildConfigurationList = C7837C451DAED81B00D63851 /* Build configuration list for PBXNativeTarget "UITableViewApp" */;
			buildPhases = (
				C7837C2F1DAED81B00D63851 /* Sources */,
				C7837C301DAED81B00D63851 /* Frameworks */,
				C7837C311DAED81B00D63851 /* Resources */,
			);
			buildRules = (
			);
			dependencies = (
			);
			name = UITableViewApp;
			productName = UITableViewApp;
			productReference = C7837C331DAED81B00D63851 /* UITableViewApp.app */;
			productType = "com.apple.product-type.application";
		};
/* End PBXNativeTarget section */

/* Begin PBXProject section */
		C7837C2B1DAED81B00D63851 /* Project object */ = {
			isa = PBXProject;
			attributes = {
				LastSwiftUpdateCheck = 0730;
				LastUpgradeCheck = 0730;
				ORGANIZATIONNAME = "GEORGE QUENTIN";
				TargetAttributes = {
					C7837C321DAED81B00D63851 = {
						CreatedOnToolsVersion = 7.3.1;
						DevelopmentTeam = 4Q93294747;
						LastSwiftMigration = 0800;
					};
				};
			};
			buildConfigurationList = C7837C2E1DAED81B00D63851 /* Build configuration list for PBXProject "UITableViewApp" */;
			compatibilityVersion = "Xcode 3.2";
			developmentRegion = English;
			hasScannedForEncodings = 0;
			knownRegions = (
				en,
				Base,
			);
			mainGroup = C7837C2A1DAED81B00D63851;
			productRefGroup = C7837C341DAED81B00D63851 /* Products */;
			projectDirPath = "";
			projectReferences = (
				{
					ProductGroup = C7837D791DAEDD1E00D63851 /* Products */;
					ProjectRef = C7837D781DAEDD1E00D63851 /* EasyAnimation.xcodeproj */;
				},
				{
					ProductGroup = C7837D391DAEDCD400D63851 /* Products */;
					ProjectRef = C7837D381DAEDCD400D63851 /* Rx.xcodeproj */;
				},
				{
					ProductGroup = C7E227D61DAF9A000078A39C /* Products */;
					ProjectRef = C7E227D51DAF9A000078A39C /* XCGLogger.xcodeproj */;
				},
			);
			projectRoot = "";
			targets = (
				C7837C321DAED81B00D63851 /* UITableViewApp */,
			);
		};
/* End PBXProject section */

/* Begin PBXReferenceProxy section */
		C7837D501DAEDCD400D63851 /* RxSwift.framework */ = {
			isa = PBXReferenceProxy;
			fileType = wrapper.framework;
			path = RxSwift.framework;
			remoteRef = C7837D4F1DAEDCD400D63851 /* PBXContainerItemProxy */;
			sourceTree = BUILT_PRODUCTS_DIR;
		};
		C7837D521DAEDCD400D63851 /* RxSwift.framework */ = {
			isa = PBXReferenceProxy;
			fileType = wrapper.framework;
			path = RxSwift.framework;
			remoteRef = C7837D511DAEDCD400D63851 /* PBXContainerItemProxy */;
			sourceTree = BUILT_PRODUCTS_DIR;
		};
		C7837D541DAEDCD400D63851 /* RxSwift.framework */ = {
			isa = PBXReferenceProxy;
			fileType = wrapper.framework;
			path = RxSwift.framework;
			remoteRef = C7837D531DAEDCD400D63851 /* PBXContainerItemProxy */;
			sourceTree = BUILT_PRODUCTS_DIR;
		};
		C7837D561DAEDCD400D63851 /* RxSwift.framework */ = {
			isa = PBXReferenceProxy;
			fileType = wrapper.framework;
			path = RxSwift.framework;
			remoteRef = C7837D551DAEDCD400D63851 /* PBXContainerItemProxy */;
			sourceTree = BUILT_PRODUCTS_DIR;
		};
		C7837D581DAEDCD400D63851 /* RxCocoa.framework */ = {
			isa = PBXReferenceProxy;
			fileType = wrapper.framework;
			path = RxCocoa.framework;
			remoteRef = C7837D571DAEDCD400D63851 /* PBXContainerItemProxy */;
			sourceTree = BUILT_PRODUCTS_DIR;
		};
		C7837D5A1DAEDCD400D63851 /* RxCocoa.framework */ = {
			isa = PBXReferenceProxy;
			fileType = wrapper.framework;
			path = RxCocoa.framework;
			remoteRef = C7837D591DAEDCD400D63851 /* PBXContainerItemProxy */;
			sourceTree = BUILT_PRODUCTS_DIR;
		};
		C7837D5C1DAEDCD400D63851 /* RxCocoa.framework */ = {
			isa = PBXReferenceProxy;
			fileType = wrapper.framework;
			path = RxCocoa.framework;
			remoteRef = C7837D5B1DAEDCD400D63851 /* PBXContainerItemProxy */;
			sourceTree = BUILT_PRODUCTS_DIR;
		};
		C7837D5E1DAEDCD400D63851 /* RxCocoa.framework */ = {
			isa = PBXReferenceProxy;
			fileType = wrapper.framework;
			path = RxCocoa.framework;
			remoteRef = C7837D5D1DAEDCD400D63851 /* PBXContainerItemProxy */;
			sourceTree = BUILT_PRODUCTS_DIR;
		};
		C7837D601DAEDCD400D63851 /* RxBlocking.framework */ = {
			isa = PBXReferenceProxy;
			fileType = wrapper.framework;
			path = RxBlocking.framework;
			remoteRef = C7837D5F1DAEDCD400D63851 /* PBXContainerItemProxy */;
			sourceTree = BUILT_PRODUCTS_DIR;
		};
		C7837D621DAEDCD400D63851 /* RxBlocking.framework */ = {
			isa = PBXReferenceProxy;
			fileType = wrapper.framework;
			path = RxBlocking.framework;
			remoteRef = C7837D611DAEDCD400D63851 /* PBXContainerItemProxy */;
			sourceTree = BUILT_PRODUCTS_DIR;
		};
		C7837D641DAEDCD400D63851 /* RxBlocking.framework */ = {
			isa = PBXReferenceProxy;
			fileType = wrapper.framework;
			path = RxBlocking.framework;
			remoteRef = C7837D631DAEDCD400D63851 /* PBXContainerItemProxy */;
			sourceTree = BUILT_PRODUCTS_DIR;
		};
		C7837D661DAEDCD400D63851 /* RxBlocking.framework */ = {
			isa = PBXReferenceProxy;
			fileType = wrapper.framework;
			path = RxBlocking.framework;
			remoteRef = C7837D651DAEDCD400D63851 /* PBXContainerItemProxy */;
			sourceTree = BUILT_PRODUCTS_DIR;
		};
		C7837D681DAEDCD400D63851 /* RxTests.framework */ = {
			isa = PBXReferenceProxy;
			fileType = wrapper.framework;
			path = RxTests.framework;
			remoteRef = C7837D671DAEDCD400D63851 /* PBXContainerItemProxy */;
			sourceTree = BUILT_PRODUCTS_DIR;
		};
		C7837D6A1DAEDCD400D63851 /* RxTests.framework */ = {
			isa = PBXReferenceProxy;
			fileType = wrapper.framework;
			path = RxTests.framework;
			remoteRef = C7837D691DAEDCD400D63851 /* PBXContainerItemProxy */;
			sourceTree = BUILT_PRODUCTS_DIR;
		};
		C7837D6C1DAEDCD400D63851 /* RxTests.framework */ = {
			isa = PBXReferenceProxy;
			fileType = wrapper.framework;
			path = RxTests.framework;
			remoteRef = C7837D6B1DAEDCD400D63851 /* PBXContainerItemProxy */;
			sourceTree = BUILT_PRODUCTS_DIR;
		};
		C7837D6E1DAEDCD400D63851 /* RxTests.framework */ = {
			isa = PBXReferenceProxy;
			fileType = wrapper.framework;
			path = RxTests.framework;
			remoteRef = C7837D6D1DAEDCD400D63851 /* PBXContainerItemProxy */;
			sourceTree = BUILT_PRODUCTS_DIR;
		};
		C7837D701DAEDCD400D63851 /* AllTests-iOS.xctest */ = {
			isa = PBXReferenceProxy;
			fileType = wrapper.cfbundle;
			path = "AllTests-iOS.xctest";
			remoteRef = C7837D6F1DAEDCD400D63851 /* PBXContainerItemProxy */;
			sourceTree = BUILT_PRODUCTS_DIR;
		};
		C7837D721DAEDCD400D63851 /* AllTests-tvOS.xctest */ = {
			isa = PBXReferenceProxy;
			fileType = wrapper.cfbundle;
			path = "AllTests-tvOS.xctest";
			remoteRef = C7837D711DAEDCD400D63851 /* PBXContainerItemProxy */;
			sourceTree = BUILT_PRODUCTS_DIR;
		};
		C7837D741DAEDCD400D63851 /* AllTests-OSX.xctest */ = {
			isa = PBXReferenceProxy;
			fileType = wrapper.cfbundle;
			path = "AllTests-OSX.xctest";
			remoteRef = C7837D731DAEDCD400D63851 /* PBXContainerItemProxy */;
			sourceTree = BUILT_PRODUCTS_DIR;
		};
		C7837D761DAEDCD400D63851 /* PerformanceTests.app */ = {
			isa = PBXReferenceProxy;
			fileType = wrapper.application;
			path = PerformanceTests.app;
			remoteRef = C7837D751DAEDCD400D63851 /* PBXContainerItemProxy */;
			sourceTree = BUILT_PRODUCTS_DIR;
		};
		C7837D7E1DAEDD1E00D63851 /* EasyAnimation.framework */ = {
			isa = PBXReferenceProxy;
			fileType = wrapper.framework;
			path = EasyAnimation.framework;
			remoteRef = C7837D7D1DAEDD1E00D63851 /* PBXContainerItemProxy */;
			sourceTree = BUILT_PRODUCTS_DIR;
		};
		C7837D801DAEDD1E00D63851 /* EasyAnimation.framework */ = {
			isa = PBXReferenceProxy;
			fileType = wrapper.framework;
			path = EasyAnimation.framework;
			remoteRef = C7837D7F1DAEDD1E00D63851 /* PBXContainerItemProxy */;
			sourceTree = BUILT_PRODUCTS_DIR;
		};
		C7E227DF1DAF9A010078A39C /* XCGLogger.framework */ = {
			isa = PBXReferenceProxy;
			fileType = wrapper.framework;
			path = XCGLogger.framework;
			remoteRef = C7E227DE1DAF9A010078A39C /* PBXContainerItemProxy */;
			sourceTree = BUILT_PRODUCTS_DIR;
		};
		C7E227E11DAF9A010078A39C /* XCGLogger.framework */ = {
			isa = PBXReferenceProxy;
			fileType = wrapper.framework;
			path = XCGLogger.framework;
			remoteRef = C7E227E01DAF9A010078A39C /* PBXContainerItemProxy */;
			sourceTree = BUILT_PRODUCTS_DIR;
		};
		C7E227E31DAF9A010078A39C /* XCGLogger.framework */ = {
			isa = PBXReferenceProxy;
			fileType = wrapper.framework;
			path = XCGLogger.framework;
			remoteRef = C7E227E21DAF9A010078A39C /* PBXContainerItemProxy */;
			sourceTree = BUILT_PRODUCTS_DIR;
		};
		C7E227E51DAF9A010078A39C /* XCGLogger.framework */ = {
			isa = PBXReferenceProxy;
			fileType = wrapper.framework;
			path = XCGLogger.framework;
			remoteRef = C7E227E41DAF9A010078A39C /* PBXContainerItemProxy */;
			sourceTree = BUILT_PRODUCTS_DIR;
		};
		C7E227E71DAF9A010078A39C /* XCGLoggerTests (iOS).xctest */ = {
			isa = PBXReferenceProxy;
			fileType = wrapper.cfbundle;
			path = "XCGLoggerTests (iOS).xctest";
			remoteRef = C7E227E61DAF9A010078A39C /* PBXContainerItemProxy */;
			sourceTree = BUILT_PRODUCTS_DIR;
		};
		C7E227E91DAF9A010078A39C /* XCGLoggerTests (OS X).xctest */ = {
			isa = PBXReferenceProxy;
			fileType = wrapper.cfbundle;
			path = "XCGLoggerTests (OS X).xctest";
			remoteRef = C7E227E81DAF9A010078A39C /* PBXContainerItemProxy */;
			sourceTree = BUILT_PRODUCTS_DIR;
		};
/* End PBXReferenceProxy section */

/* Begin PBXResourcesBuildPhase section */
		C7837C311DAED81B00D63851 /* Resources */ = {
			isa = PBXResourcesBuildPhase;
			buildActionMask = 2147483647;
			files = (
				C7DB6A881DB2CA5E00BA5EA7 /* Cartfile in Resources */,
				C7F046B91DB2CDC400705CC7 /* Main.storyboard in Resources */,
				C7DB6A891DB2CA5E00BA5EA7 /* Cartfile.resolved in Resources */,
				C7837C3E1DAED81B00D63851 /* Assets.xcassets in Resources */,
				C79DF3461DB2C81F00F42B3C /* Info.plist in Resources */,
			);
			runOnlyForDeploymentPostprocessing = 0;
		};
/* End PBXResourcesBuildPhase section */

/* Begin PBXSourcesBuildPhase section */
		C7837C2F1DAED81B00D63851 /* Sources */ = {
			isa = PBXSourcesBuildPhase;
			buildActionMask = 2147483647;
			files = (
				C79DF33A1DB2C79B00F42B3C /* Math+Ext.swift in Sources */,
				C79DF34E1DB2C88200F42B3C /* PageViewController.swift in Sources */,
				C7CE884F1DB25DDB00A6F02D /* CustomMediaDetailedViewController.swift in Sources */,
				C79DF3441DB2C80600F42B3C /* AppDelegate.swift in Sources */,
				C7E227D41DAF93DE0078A39C /* ProductTableViewController.swift in Sources */,
				C79DF33F1DB2C7D700F42B3C /* UIImage+Ext.swift in Sources */,
				C79DF3481DB2C83100F42B3C /* MediaType.swift in Sources */,
				C724D3E21DB2268F00881C42 /* CustomProductTableViewController.swift in Sources */,
				C79DF3401DB2C7D700F42B3C /* UIKit+Ext.swift in Sources */,
				C7E227C61DAF82360078A39C /* MediaTypeTableViewController.swift in Sources */,
				C7837E0A1DAEEFCD00D63851 /* ProductLine.swift in Sources */,
				C79DF33C1DB2C7B500F42B3C /* MediaTableViewCell.swift in Sources */,
				C79DF34A1DB2C84E00F42B3C /* Product.swift in Sources */,
				C79DF34D1DB2C88200F42B3C /* FilmsTableViewController.swift in Sources */,
			);
			runOnlyForDeploymentPostprocessing = 0;
		};
/* End PBXSourcesBuildPhase section */

/* Begin XCBuildConfiguration section */
		C7837C431DAED81B00D63851 /* Debug */ = {
			isa = XCBuildConfiguration;
			buildSettings = {
				ALWAYS_SEARCH_USER_PATHS = NO;
				CLANG_ANALYZER_NONNULL = YES;
				CLANG_CXX_LANGUAGE_STANDARD = "gnu++0x";
				CLANG_CXX_LIBRARY = "libc++";
				CLANG_ENABLE_MODULES = YES;
				CLANG_ENABLE_OBJC_ARC = YES;
				CLANG_WARN_BOOL_CONVERSION = YES;
				CLANG_WARN_CONSTANT_CONVERSION = YES;
				CLANG_WARN_DIRECT_OBJC_ISA_USAGE = YES_ERROR;
				CLANG_WARN_EMPTY_BODY = YES;
				CLANG_WARN_ENUM_CONVERSION = YES;
				CLANG_WARN_INT_CONVERSION = YES;
				CLANG_WARN_OBJC_ROOT_CLASS = YES_ERROR;
				CLANG_WARN_UNREACHABLE_CODE = YES;
				CLANG_WARN__DUPLICATE_METHOD_MATCH = YES;
				"CODE_SIGN_IDENTITY[sdk=iphoneos*]" = "iPhone Developer";
				COPY_PHASE_STRIP = NO;
				DEBUG_INFORMATION_FORMAT = dwarf;
				ENABLE_STRICT_OBJC_MSGSEND = YES;
				ENABLE_TESTABILITY = YES;
				GCC_C_LANGUAGE_STANDARD = gnu99;
				GCC_DYNAMIC_NO_PIC = NO;
				GCC_NO_COMMON_BLOCKS = YES;
				GCC_OPTIMIZATION_LEVEL = 0;
				GCC_PREPROCESSOR_DEFINITIONS = (
					"DEBUG=1",
					"$(inherited)",
				);
				GCC_WARN_64_TO_32_BIT_CONVERSION = YES;
				GCC_WARN_ABOUT_RETURN_TYPE = YES_ERROR;
				GCC_WARN_UNDECLARED_SELECTOR = YES;
				GCC_WARN_UNINITIALIZED_AUTOS = YES_AGGRESSIVE;
				GCC_WARN_UNUSED_FUNCTION = YES;
				GCC_WARN_UNUSED_VARIABLE = YES;
				IPHONEOS_DEPLOYMENT_TARGET = 9.3;
				MTL_ENABLE_DEBUG_INFO = YES;
				ONLY_ACTIVE_ARCH = YES;
				SDKROOT = iphoneos;
				SWIFT_OPTIMIZATION_LEVEL = "-Onone";
			};
			name = Debug;
		};
		C7837C441DAED81B00D63851 /* Release */ = {
			isa = XCBuildConfiguration;
			buildSettings = {
				ALWAYS_SEARCH_USER_PATHS = NO;
				CLANG_ANALYZER_NONNULL = YES;
				CLANG_CXX_LANGUAGE_STANDARD = "gnu++0x";
				CLANG_CXX_LIBRARY = "libc++";
				CLANG_ENABLE_MODULES = YES;
				CLANG_ENABLE_OBJC_ARC = YES;
				CLANG_WARN_BOOL_CONVERSION = YES;
				CLANG_WARN_CONSTANT_CONVERSION = YES;
				CLANG_WARN_DIRECT_OBJC_ISA_USAGE = YES_ERROR;
				CLANG_WARN_EMPTY_BODY = YES;
				CLANG_WARN_ENUM_CONVERSION = YES;
				CLANG_WARN_INT_CONVERSION = YES;
				CLANG_WARN_OBJC_ROOT_CLASS = YES_ERROR;
				CLANG_WARN_UNREACHABLE_CODE = YES;
				CLANG_WARN__DUPLICATE_METHOD_MATCH = YES;
				"CODE_SIGN_IDENTITY[sdk=iphoneos*]" = "iPhone Developer";
				COPY_PHASE_STRIP = NO;
				DEBUG_INFORMATION_FORMAT = "dwarf-with-dsym";
				ENABLE_NS_ASSERTIONS = NO;
				ENABLE_STRICT_OBJC_MSGSEND = YES;
				GCC_C_LANGUAGE_STANDARD = gnu99;
				GCC_NO_COMMON_BLOCKS = YES;
				GCC_WARN_64_TO_32_BIT_CONVERSION = YES;
				GCC_WARN_ABOUT_RETURN_TYPE = YES_ERROR;
				GCC_WARN_UNDECLARED_SELECTOR = YES;
				GCC_WARN_UNINITIALIZED_AUTOS = YES_AGGRESSIVE;
				GCC_WARN_UNUSED_FUNCTION = YES;
				GCC_WARN_UNUSED_VARIABLE = YES;
				IPHONEOS_DEPLOYMENT_TARGET = 9.3;
				MTL_ENABLE_DEBUG_INFO = NO;
				SDKROOT = iphoneos;
				VALIDATE_PRODUCT = YES;
			};
			name = Release;
		};
		C7837C461DAED81B00D63851 /* Debug */ = {
			isa = XCBuildConfiguration;
			buildSettings = {
				DEVELOPMENT_TEAM = 4Q93294747;
				INFOPLIST_FILE = UITableViewApp/Info.plist;
				LD_RUNPATH_SEARCH_PATHS = "$(inherited) @executable_path/Frameworks";
				PRODUCT_BUNDLE_IDENTIFIER = com.UITableViewApp;
				PRODUCT_NAME = "$(TARGET_NAME)";
				SWIFT_VERSION = 2.3;
			};
			name = Debug;
		};
		C7837C471DAED81B00D63851 /* Release */ = {
			isa = XCBuildConfiguration;
			buildSettings = {
				DEVELOPMENT_TEAM = 4Q93294747;
				INFOPLIST_FILE = UITableViewApp/Info.plist;
				LD_RUNPATH_SEARCH_PATHS = "$(inherited) @executable_path/Frameworks";
				PRODUCT_BUNDLE_IDENTIFIER = com.UITableViewApp;
				PRODUCT_NAME = "$(TARGET_NAME)";
				SWIFT_VERSION = 2.3;
			};
			name = Release;
		};
/* End XCBuildConfiguration section */

/* Begin XCConfigurationList section */
		C7837C2E1DAED81B00D63851 /* Build configuration list for PBXProject "UITableViewApp" */ = {
			isa = XCConfigurationList;
			buildConfigurations = (
				C7837C431DAED81B00D63851 /* Debug */,
				C7837C441DAED81B00D63851 /* Release */,
			);
			defaultConfigurationIsVisible = 0;
			defaultConfigurationName = Release;
		};
		C7837C451DAED81B00D63851 /* Build configuration list for PBXNativeTarget "UITableViewApp" */ = {
			isa = XCConfigurationList;
			buildConfigurations = (
				C7837C461DAED81B00D63851 /* Debug */,
				C7837C471DAED81B00D63851 /* Release */,
			);
			defaultConfigurationIsVisible = 0;
			defaultConfigurationName = Release;
		};
/* End XCConfigurationList section */
	};
	rootObject = C7837C2B1DAED81B00D63851 /* Project object */;
}
